// !$*UTF8*$!
{
	archiveVersion = 1;
	classes = {
	};
	objectVersion = 46;
	objects = {

/* Begin PBXBuildFile section */
		4C35AFDE176A7A6A00B67CDE /* BTVViewController.xib in Resources */ = {isa = PBXBuildFile; fileRef = 4C35AFDD176A7A6A00B67CDE /* BTVViewController.xib */; };
		4C7DD8701755687D0078DAA8 /* UIKit.framework in Frameworks */ = {isa = PBXBuildFile; fileRef = 4C7DD86F1755687D0078DAA8 /* UIKit.framework */; };
		4C7DD8721755687D0078DAA8 /* Foundation.framework in Frameworks */ = {isa = PBXBuildFile; fileRef = 4C7DD8711755687D0078DAA8 /* Foundation.framework */; };
		4C7DD8741755687D0078DAA8 /* CoreGraphics.framework in Frameworks */ = {isa = PBXBuildFile; fileRef = 4C7DD8731755687D0078DAA8 /* CoreGraphics.framework */; };
		4C7DD87A1755687D0078DAA8 /* InfoPlist.strings in Resources */ = {isa = PBXBuildFile; fileRef = 4C7DD8781755687D0078DAA8 /* InfoPlist.strings */; };
		4C7DD87C1755687D0078DAA8 /* main.m in Sources */ = {isa = PBXBuildFile; fileRef = 4C7DD87B1755687D0078DAA8 /* main.m */; };
		4C7DD8801755687D0078DAA8 /* BTVAppDelegate.m in Sources */ = {isa = PBXBuildFile; fileRef = 4C7DD87F1755687D0078DAA8 /* BTVAppDelegate.m */; };
		4C7DD8821755687D0078DAA8 /* Default.png in Resources */ = {isa = PBXBuildFile; fileRef = 4C7DD8811755687D0078DAA8 /* Default.png */; };
		4C7DD8841755687D0078DAA8 /* Default@2x.png in Resources */ = {isa = PBXBuildFile; fileRef = 4C7DD8831755687D0078DAA8 /* Default@2x.png */; };
		4C7DD8861755687D0078DAA8 /* Default-568h@2x.png in Resources */ = {isa = PBXBuildFile; fileRef = 4C7DD8851755687D0078DAA8 /* Default-568h@2x.png */; };
		4C8A350817556EB3003B3232 /* BTVViewController.m in Sources */ = {isa = PBXBuildFile; fileRef = 4C8A350617556EB3003B3232 /* BTVViewController.m */; };
		4C8A351517557727003B3232 /* BumpTableController.m in Sources */ = {isa = PBXBuildFile; fileRef = 4C8A350C17557727003B3232 /* BumpTableController.m */; };
		4C8A351617557727003B3232 /* BumpTableModel.m in Sources */ = {isa = PBXBuildFile; fileRef = 4C8A350E17557727003B3232 /* BumpTableModel.m */; };
		4C8A351717557727003B3232 /* BumpTableViewCell.m in Sources */ = {isa = PBXBuildFile; fileRef = 4C8A351017557727003B3232 /* BumpTableViewCell.m */; };
		4C8A351817557727003B3232 /* NSArray+Bump.m in Sources */ = {isa = PBXBuildFile; fileRef = 4C8A351217557727003B3232 /* NSArray+Bump.m */; };
		4C8A351917557727003B3232 /* NSObject+Bump.m in Sources */ = {isa = PBXBuildFile; fileRef = 4C8A351417557727003B3232 /* NSObject+Bump.m */; };
/* End PBXBuildFile section */

/* Begin PBXFileReference section */
		4C35AFDD176A7A6A00B67CDE /* BTVViewController.xib */ = {isa = PBXFileReference; fileEncoding = 4; lastKnownFileType = file.xib; path = BTVViewController.xib; sourceTree = "<group>"; };
		4C7DD86C1755687D0078DAA8 /* BTVSelectExample.app */ = {isa = PBXFileReference; explicitFileType = wrapper.application; includeInIndex = 0; path = BTVSelectExample.app; sourceTree = BUILT_PRODUCTS_DIR; };
		4C7DD86F1755687D0078DAA8 /* UIKit.framework */ = {isa = PBXFileReference; lastKnownFileType = wrapper.framework; name = UIKit.framework; path = System/Library/Frameworks/UIKit.framework; sourceTree = SDKROOT; };
		4C7DD8711755687D0078DAA8 /* Foundation.framework */ = {isa = PBXFileReference; lastKnownFileType = wrapper.framework; name = Foundation.framework; path = System/Library/Frameworks/Foundation.framework; sourceTree = SDKROOT; };
		4C7DD8731755687D0078DAA8 /* CoreGraphics.framework */ = {isa = PBXFileReference; lastKnownFileType = wrapper.framework; name = CoreGraphics.framework; path = System/Library/Frameworks/CoreGraphics.framework; sourceTree = SDKROOT; };
		4C7DD8771755687D0078DAA8 /* BTVSelectExample-Info.plist */ = {isa = PBXFileReference; lastKnownFileType = text.plist.xml; path = "BTVSelectExample-Info.plist"; sourceTree = "<group>"; };
		4C7DD8791755687D0078DAA8 /* en */ = {isa = PBXFileReference; lastKnownFileType = text.plist.strings; name = en; path = en.lproj/InfoPlist.strings; sourceTree = "<group>"; };
		4C7DD87B1755687D0078DAA8 /* main.m */ = {isa = PBXFileReference; lastKnownFileType = sourcecode.c.objc; path = main.m; sourceTree = "<group>"; };
		4C7DD87D1755687D0078DAA8 /* BTVSelectExample-Prefix.pch */ = {isa = PBXFileReference; lastKnownFileType = sourcecode.c.h; path = "BTVSelectExample-Prefix.pch"; sourceTree = "<group>"; };
		4C7DD87E1755687D0078DAA8 /* BTVAppDelegate.h */ = {isa = PBXFileReference; lastKnownFileType = sourcecode.c.h; path = BTVAppDelegate.h; sourceTree = "<group>"; };
		4C7DD87F1755687D0078DAA8 /* BTVAppDelegate.m */ = {isa = PBXFileReference; lastKnownFileType = sourcecode.c.objc; path = BTVAppDelegate.m; sourceTree = "<group>"; };
		4C7DD8811755687D0078DAA8 /* Default.png */ = {isa = PBXFileReference; lastKnownFileType = image.png; path = Default.png; sourceTree = "<group>"; };
		4C7DD8831755687D0078DAA8 /* Default@2x.png */ = {isa = PBXFileReference; lastKnownFileType = image.png; path = "Default@2x.png"; sourceTree = "<group>"; };
		4C7DD8851755687D0078DAA8 /* Default-568h@2x.png */ = {isa = PBXFileReference; lastKnownFileType = image.png; path = "Default-568h@2x.png"; sourceTree = "<group>"; };
		4C8A350517556EB3003B3232 /* BTVViewController.h */ = {isa = PBXFileReference; fileEncoding = 4; lastKnownFileType = sourcecode.c.h; path = BTVViewController.h; sourceTree = "<group>"; };
		4C8A350617556EB3003B3232 /* BTVViewController.m */ = {isa = PBXFileReference; fileEncoding = 4; lastKnownFileType = sourcecode.c.objc; path = BTVViewController.m; sourceTree = "<group>"; };
		4C8A350B17557727003B3232 /* BumpTableController.h */ = {isa = PBXFileReference; fileEncoding = 4; lastKnownFileType = sourcecode.c.h; name = BumpTableController.h; path = ../../BumpTableController.h; sourceTree = "<group>"; };
		4C8A350C17557727003B3232 /* BumpTableController.m */ = {isa = PBXFileReference; fileEncoding = 4; lastKnownFileType = sourcecode.c.objc; name = BumpTableController.m; path = ../../BumpTableController.m; sourceTree = "<group>"; };
		4C8A350D17557727003B3232 /* BumpTableModel.h */ = {isa = PBXFileReference; fileEncoding = 4; lastKnownFileType = sourcecode.c.h; name = BumpTableModel.h; path = ../../BumpTableModel.h; sourceTree = "<group>"; };
		4C8A350E17557727003B3232 /* BumpTableModel.m */ = {isa = PBXFileReference; fileEncoding = 4; lastKnownFileType = sourcecode.c.objc; name = BumpTableModel.m; path = ../../BumpTableModel.m; sourceTree = "<group>"; };
		4C8A350F17557727003B3232 /* BumpTableViewCell.h */ = {isa = PBXFileReference; fileEncoding = 4; lastKnownFileType = sourcecode.c.h; name = BumpTableViewCell.h; path = ../../BumpTableViewCell.h; sourceTree = "<group>"; };
		4C8A351017557727003B3232 /* BumpTableViewCell.m */ = {isa = PBXFileReference; fileEncoding = 4; lastKnownFileType = sourcecode.c.objc; name = BumpTableViewCell.m; path = ../../BumpTableViewCell.m; sourceTree = "<group>"; };
		4C8A351117557727003B3232 /* NSArray+Bump.h */ = {isa = PBXFileReference; fileEncoding = 4; lastKnownFileType = sourcecode.c.h; name = "NSArray+Bump.h"; path = "../../NSArray+Bump.h"; sourceTree = "<group>"; };
		4C8A351217557727003B3232 /* NSArray+Bump.m */ = {isa = PBXFileReference; fileEncoding = 4; lastKnownFileType = sourcecode.c.objc; name = "NSArray+Bump.m"; path = "../../NSArray+Bump.m"; sourceTree = "<group>"; };
		4C8A351317557727003B3232 /* NSObject+Bump.h */ = {isa = PBXFileReference; fileEncoding = 4; lastKnownFileType = sourcecode.c.h; name = "NSObject+Bump.h"; path = "../../NSObject+Bump.h"; sourceTree = "<group>"; };
		4C8A351417557727003B3232 /* NSObject+Bump.m */ = {isa = PBXFileReference; fileEncoding = 4; lastKnownFileType = sourcecode.c.objc; name = "NSObject+Bump.m"; path = "../../NSObject+Bump.m"; sourceTree = "<group>"; };
/* End PBXFileReference section */

/* Begin PBXFrameworksBuildPhase section */
		4C7DD8691755687D0078DAA8 /* Frameworks */ = {
			isa = PBXFrameworksBuildPhase;
			buildActionMask = 2147483647;
			files = (
				4C7DD8701755687D0078DAA8 /* UIKit.framework in Frameworks */,
				4C7DD8721755687D0078DAA8 /* Foundation.framework in Frameworks */,
				4C7DD8741755687D0078DAA8 /* CoreGraphics.framework in Frameworks */,
			);
			runOnlyForDeploymentPostprocessing = 0;
		};
/* End PBXFrameworksBuildPhase section */

/* Begin PBXGroup section */
		4C7DD8631755687D0078DAA8 = {
			isa = PBXGroup;
			children = (
				4C7DD8751755687D0078DAA8 /* BTVSelectExample */,
				4C7DD86E1755687D0078DAA8 /* Frameworks */,
				4C7DD86D1755687D0078DAA8 /* Products */,
			);
			sourceTree = "<group>";
		};
		4C7DD86D1755687D0078DAA8 /* Products */ = {
			isa = PBXGroup;
			children = (
				4C7DD86C1755687D0078DAA8 /* BTVSelectExample.app */,
			);
			name = Products;
			sourceTree = "<group>";
		};
		4C7DD86E1755687D0078DAA8 /* Frameworks */ = {
			isa = PBXGroup;
			children = (
				4C7DD86F1755687D0078DAA8 /* UIKit.framework */,
				4C7DD8711755687D0078DAA8 /* Foundation.framework */,
				4C7DD8731755687D0078DAA8 /* CoreGraphics.framework */,
			);
			name = Frameworks;
			sourceTree = "<group>";
		};
		4C7DD8751755687D0078DAA8 /* BTVSelectExample */ = {
			isa = PBXGroup;
			children = (
				4C8A350A1755770D003B3232 /* Bump Table View */,
				4C7DD87E1755687D0078DAA8 /* BTVAppDelegate.h */,
				4C7DD87F1755687D0078DAA8 /* BTVAppDelegate.m */,
				4C7DD8761755687D0078DAA8 /* Supporting Files */,
				4C8A350517556EB3003B3232 /* BTVViewController.h */,
				4C8A350617556EB3003B3232 /* BTVViewController.m */,
				4C35AFDD176A7A6A00B67CDE /* BTVViewController.xib */,
			);
			path = BTVSelectExample;
			sourceTree = "<group>";
		};
		4C7DD8761755687D0078DAA8 /* Supporting Files */ = {
			isa = PBXGroup;
			children = (
				4C7DD8771755687D0078DAA8 /* BTVSelectExample-Info.plist */,
				4C7DD8781755687D0078DAA8 /* InfoPlist.strings */,
				4C7DD87B1755687D0078DAA8 /* main.m */,
				4C7DD87D1755687D0078DAA8 /* BTVSelectExample-Prefix.pch */,
				4C7DD8811755687D0078DAA8 /* Default.png */,
				4C7DD8831755687D0078DAA8 /* Default@2x.png */,
				4C7DD8851755687D0078DAA8 /* Default-568h@2x.png */,
			);
			name = "Supporting Files";
			sourceTree = "<group>";
		};
		4C8A350A1755770D003B3232 /* Bump Table View */ = {
			isa = PBXGroup;
			children = (
				4C8A350B17557727003B3232 /* BumpTableController.h */,
				4C8A350C17557727003B3232 /* BumpTableController.m */,
				4C8A350D17557727003B3232 /* BumpTableModel.h */,
				4C8A350E17557727003B3232 /* BumpTableModel.m */,
				4C8A350F17557727003B3232 /* BumpTableViewCell.h */,
				4C8A351017557727003B3232 /* BumpTableViewCell.m */,
				4C8A351117557727003B3232 /* NSArray+Bump.h */,
				4C8A351217557727003B3232 /* NSArray+Bump.m */,
				4C8A351317557727003B3232 /* NSObject+Bump.h */,
				4C8A351417557727003B3232 /* NSObject+Bump.m */,
			);
			name = "Bump Table View";
			sourceTree = "<group>";
		};
/* End PBXGroup section */

/* Begin PBXNativeTarget section */
		4C7DD86B1755687D0078DAA8 /* BTVSelectExample */ = {
			isa = PBXNativeTarget;
			buildConfigurationList = 4C7DD8891755687D0078DAA8 /* Build configuration list for PBXNativeTarget "BTVSelectExample" */;
			buildPhases = (
				4C7DD8681755687D0078DAA8 /* Sources */,
				4C7DD8691755687D0078DAA8 /* Frameworks */,
				4C7DD86A1755687D0078DAA8 /* Resources */,
			);
			buildRules = (
			);
			dependencies = (
			);
			name = BTVSelectExample;
			productName = BTVSelectExample;
			productReference = 4C7DD86C1755687D0078DAA8 /* BTVSelectExample.app */;
			productType = "com.apple.product-type.application";
		};
/* End PBXNativeTarget section */

/* Begin PBXProject section */
		4C7DD8641755687D0078DAA8 /* Project object */ = {
			isa = PBXProject;
			attributes = {
				CLASSPREFIX = BTV;
				LastUpgradeCheck = 0460;
				ORGANIZATIONNAME = "Indrajit Khare";
			};
			buildConfigurationList = 4C7DD8671755687D0078DAA8 /* Build configuration list for PBXProject "BTVSelectExample" */;
			compatibilityVersion = "Xcode 3.2";
			developmentRegion = English;
			hasScannedForEncodings = 0;
			knownRegions = (
				en,
			);
			mainGroup = 4C7DD8631755687D0078DAA8;
			productRefGroup = 4C7DD86D1755687D0078DAA8 /* Products */;
			projectDirPath = "";
			projectRoot = "";
			targets = (
				4C7DD86B1755687D0078DAA8 /* BTVSelectExample */,
			);
		};
/* End PBXProject section */

/* Begin PBXResourcesBuildPhase section */
		4C7DD86A1755687D0078DAA8 /* Resources */ = {
			isa = PBXResourcesBuildPhase;
			buildActionMask = 2147483647;
			files = (
				4C7DD87A1755687D0078DAA8 /* InfoPlist.strings in Resources */,
				4C7DD8821755687D0078DAA8 /* Default.png in Resources */,
				4C7DD8841755687D0078DAA8 /* Default@2x.png in Resources */,
				4C7DD8861755687D0078DAA8 /* Default-568h@2x.png in Resources */,
				4C35AFDE176A7A6A00B67CDE /* BTVViewController.xib in Resources */,
			);
			runOnlyForDeploymentPostprocessing = 0;
		};
/* End PBXResourcesBuildPhase section */

/* Begin PBXSourcesBuildPhase section */
		4C7DD8681755687D0078DAA8 /* Sources */ = {
			isa = PBXSourcesBuildPhase;
			buildActionMask = 2147483647;
			files = (
				4C7DD87C1755687D0078DAA8 /* main.m in Sources */,
				4C7DD8801755687D0078DAA8 /* BTVAppDelegate.m in Sources */,
				4C8A350817556EB3003B3232 /* BTVViewController.m in Sources */,
				4C8A351517557727003B3232 /* BumpTableController.m in Sources */,
				4C8A351617557727003B3232 /* BumpTableModel.m in Sources */,
				4C8A351717557727003B3232 /* BumpTableViewCell.m in Sources */,
				4C8A351817557727003B3232 /* NSArray+Bump.m in Sources */,
				4C8A351917557727003B3232 /* NSObject+Bump.m in Sources */,
			);
			runOnlyForDeploymentPostprocessing = 0;
		};
/* End PBXSourcesBuildPhase section */

/* Begin PBXVariantGroup section */
		4C7DD8781755687D0078DAA8 /* InfoPlist.strings */ = {
			isa = PBXVariantGroup;
			children = (
				4C7DD8791755687D0078DAA8 /* en */,
			);
			name = InfoPlist.strings;
			sourceTree = "<group>";
		};
/* End PBXVariantGroup section */

/* Begin XCBuildConfiguration section */
		4C7DD8871755687D0078DAA8 /* Debug */ = {
			isa = XCBuildConfiguration;
			buildSettings = {
				ALWAYS_SEARCH_USER_PATHS = NO;
				CLANG_CXX_LANGUAGE_STANDARD = "gnu++0x";
				CLANG_CXX_LIBRARY = "libc++";
				CLANG_ENABLE_OBJC_ARC = YES;
				CLANG_WARN_CONSTANT_CONVERSION = YES;
				CLANG_WARN_EMPTY_BODY = YES;
				CLANG_WARN_ENUM_CONVERSION = YES;
				CLANG_WARN_INT_CONVERSION = YES;
				CLANG_WARN__DUPLICATE_METHOD_MATCH = YES;
				"CODE_SIGN_IDENTITY[sdk=iphoneos*]" = "iPhone Developer";
				COPY_PHASE_STRIP = NO;
				GCC_C_LANGUAGE_STANDARD = gnu99;
				GCC_DYNAMIC_NO_PIC = NO;
				GCC_OPTIMIZATION_LEVEL = 0;
				GCC_PREPROCESSOR_DEFINITIONS = (
					"DEBUG=1",
					"$(inherited)",
				);
				GCC_SYMBOLS_PRIVATE_EXTERN = NO;
				GCC_WARN_ABOUT_RETURN_TYPE = YES;
				GCC_WARN_UNINITIALIZED_AUTOS = YES;
				GCC_WARN_UNUSED_VARIABLE = YES;
				IPHONEOS_DEPLOYMENT_TARGET = 6.1;
				ONLY_ACTIVE_ARCH = YES;
				SDKROOT = iphoneos;
			};
			name = Debug;
		};
		4C7DD8881755687D0078DAA8 /* Release */ = {
			isa = XCBuildConfiguration;
			buildSettings = {
				ALWAYS_SEARCH_USER_PATHS = NO;
				CLANG_CXX_LANGUAGE_STANDARD = "gnu++0x";
				CLANG_CXX_LIBRARY = "libc++";
				CLANG_ENABLE_OBJC_ARC = YES;
				CLANG_WARN_CONSTANT_CONVERSION = YES;
				CLANG_WARN_EMPTY_BODY = YES;
				CLANG_WARN_ENUM_CONVERSION = YES;
				CLANG_WARN_INT_CONVERSION = YES;
				CLANG_WARN__DUPLICATE_METHOD_MATCH = YES;
				"CODE_SIGN_IDENTITY[sdk=iphoneos*]" = "iPhone Developer";
				COPY_PHASE_STRIP = YES;
				GCC_C_LANGUAGE_STANDARD = gnu99;
				GCC_WARN_ABOUT_RETURN_TYPE = YES;
				GCC_WARN_UNINITIALIZED_AUTOS = YES;
				GCC_WARN_UNUSED_VARIABLE = YES;
				IPHONEOS_DEPLOYMENT_TARGET = 6.1;
				OTHER_CFLAGS = "-DNS_BLOCK_ASSERTIONS=1";
				SDKROOT = iphoneos;
				VALIDATE_PRODUCT = YES;
			};
			name = Release;
		};
		4C7DD88A1755687D0078DAA8 /* Debug */ = {
			isa = XCBuildConfiguration;
			buildSettings = {
				GCC_PRECOMPILE_PREFIX_HEADER = YES;
				GCC_PREFIX_HEADER = "BTVSelectExample/BTVSelectExample-Prefix.pch";
				INFOPLIST_FILE = "BTVSelectExample/BTVSelectExample-Info.plist";
				IPHONEOS_DEPLOYMENT_TARGET = 5.0;
				PRODUCT_NAME = "$(TARGET_NAME)";
				WRAPPER_EXTENSION = app;
			};
			name = Debug;
		};
		4C7DD88B1755687D0078DAA8 /* Release */ = {
			isa = XCBuildConfiguration;
			buildSettings = {
				GCC_PRECOMPILE_PREFIX_HEADER = YES;
				GCC_PREFIX_HEADER = "BTVSelectExample/BTVSelectExample-Prefix.pch";
				INFOPLIST_FILE = "BTVSelectExample/BTVSelectExample-Info.plist";
				IPHONEOS_DEPLOYMENT_TARGET = 5.0;
				PRODUCT_NAME = "$(TARGET_NAME)";
				WRAPPER_EXTENSION = app;
			};
			name = Release;
		};
/* End XCBuildConfiguration section */

/* Begin XCConfigurationList section */
		4C7DD8671755687D0078DAA8 /* Build configuration list for PBXProject "BTVSelectExample" */ = {
			isa = XCConfigurationList;
			buildConfigurations = (
				4C7DD8871755687D0078DAA8 /* Debug */,
				4C7DD8881755687D0078DAA8 /* Release */,
			);
			defaultConfigurationIsVisible = 0;
			defaultConfigurationName = Release;
		};
		4C7DD8891755687D0078DAA8 /* Build configuration list for PBXNativeTarget "BTVSelectExample" */ = {
			isa = XCConfigurationList;
			buildConfigurations = (
				4C7DD88A1755687D0078DAA8 /* Debug */,
				4C7DD88B1755687D0078DAA8 /* Release */,
			);
			defaultConfigurationIsVisible = 0;
			defaultConfigurationName = Release;
		};
/* End XCConfigurationList section */
	};
	rootObject = 4C7DD8641755687D0078DAA8 /* Project object */;
}
